# This file is automatically @generated by Cargo.
# It is not intended for manual editing.
version = 4

[[package]]
name = "libc"
version = "0.2.189"

[[package]]
name = "mnu-abi"
version = "0.1.0"

[[package]]
name = "mochi-user-syscall"
version = "0.1.0"
dependencies = [
 "mnu-abi",
]

[[package]]
name = "mochios-capability-protocol"
version = "0.1.0"

[[package]]
name = "msh"
version = "0.1.0"
dependencies = [
 "libc",
 "mochi-user-syscall",
 "mochios-capability-protocol",
]

[[patch.unused]]
name = "mboot-protocol"
version = "0.1.0"

[[patch.unused]]
name = "viewkit"
version = "2.0.0"

[[patch.unused]]
name = "mochios-mdriver-protocol"
version = "0.1.0"

[[patch.unused]]
name = "rustc-std-workspace-alloc"
version = "1.99.0"

[[patch.unused]]
name = "rustc-std-workspace-std"
version = "1.99.0"

[[patch.unused]]
name = "viewkit"
version = "2.0.0"

[[patch.unused]]
name = "mochi-user-platform"
version = "0.1.0"

[[patch.unused]]
name = "mochios-linux-gui-protocol"
version = "0.1.0"

[[patch.unused]]
name = "mochios-linux-portal-protocol"
version = "0.1.0"

[[patch.unused]]
name = "mochios-signature-protocol"
version = "0.1.0"

[[patch.unused]]
name = "mochios-tls-client"
version = "0.1.0"

[[patch.unused]]
name = "mochios-user-database"
version = "0.1.0"

[[patch.unused]]
name = "mochios-user-protocol"
version = "0.1.0"

[[patch.unused]]
name = "mochios-viewkit-gpu-protocol"
version = "0.1.0"

[[patch.unused]]
name = "mochios-virtio-gpu-protocol"
version = "0.1.0"
