# This file is automatically @generated by Cargo.
# It is not intended for manual editing.
version = 4

[[package]]
name = "libc"
version = "0.2.185"

[[package]]
name = "mnu-abi"
version = "0.1.0"
source = "registry+https://github.com/rust-lang/crates.io-index"
checksum = "522a13d1239f1c600ea0cb0c871d48a98986ba36d5802417fe37c177a1245324"

[[package]]
name = "mochi-user-syscall"
version = "0.1.0"
dependencies = [
 "mnu-abi",
]

[[package]]
name = "msh"
version = "0.1.0"
dependencies = [
 "libc",
 "mochi-user-syscall",
]
