# This file is automatically @generated by Cargo.
# It is not intended for manual editing.
version = 4

[[package]]
name = "libc"
version = "0.2.185"
source = "git+https://github.com/mochiOS/libc#d2072c233a70c5044bc9adc1d6c60cafc3e663e1"

[[package]]
name = "mnu-abi"
version = "0.1.0"
source = "registry+https://github.com/rust-lang/crates.io-index"
checksum = "522a13d1239f1c600ea0cb0c871d48a98986ba36d5802417fe37c177a1245324"

[[package]]
name = "mochi-user-syscall"
version = "0.1.0"
source = "git+https://github.com/mochiOS/syscalls#e41ac7909a7ee11e9f89172d2e18db9a5a171f6f"
dependencies = [
 "mnu-abi",
]

[[package]]
name = "mochios-capability-protocol"
version = "0.1.0"
source = "git+https://github.com/mochiOS/syscalls#e41ac7909a7ee11e9f89172d2e18db9a5a171f6f"

[[package]]
name = "msh"
version = "0.1.0"
dependencies = [
 "libc",
 "mochi-user-syscall",
 "mochios-capability-protocol",
]

[[patch.unused]]
name = "mnu-abi"
version = "0.1.0"

[[patch.unused]]
name = "viewkit"
version = "1.0.1"

[[patch.unused]]
name = "libc"
version = "0.2.185"

[[patch.unused]]
name = "rustc-std-workspace-alloc"
version = "1.99.0"

[[patch.unused]]
name = "rustc-std-workspace-core"
version = "1.99.0"

[[patch.unused]]
name = "rustc-std-workspace-std"
version = "1.99.0"

[[patch.unused]]
name = "viewkit"
version = "1.0.1"

[[patch.unused]]
name = "mboot-protocol"
version = "0.1.0"
